
Microsoft Visual Studio Solution File, Format Version 12.00
# Visual Studio Version 16
VisualStudioVersion = 16.0.29424.173
MinimumVisualStudioVersion = 10.0.40219.1
Project("{888888A0-9F3D-457C-B088-3A5042F75D52}") = "py_1107", "py_1107\py_1107.pyproj", "{B6E11158-6D62-42CC-875A-A81648EEC33D}"
EndProject
Global
	GlobalSection(SolutionConfigurationPlatforms) = preSolution
		Debug|Any CPU = Debug|Any CPU
		Release|Any CPU = Release|Any CPU
	EndGlobalSection
	GlobalSection(ProjectConfigurationPlatforms) = postSolution
		{B6E11158-6D62-42CC-875A-A81648EEC33D}.Debug|Any CPU.ActiveCfg = Debug|Any CPU
		{B6E11158-6D62-42CC-875A-A81648EEC33D}.Release|Any CPU.ActiveCfg = Release|Any CPU
	EndGlobalSection
	GlobalSection(SolutionProperties) = preSolution
		HideSolutionNode = FALSE
	EndGlobalSection
	GlobalSection(ExtensibilityGlobals) = postSolution
		SolutionGuid = {803A2625-6D12-476B-A678-497240231056}
	EndGlobalSection
EndGlobal
